
Microsoft Visual Studio Solution File, Format Version 12.00
Project("{FAE04EC0-301F-11D3-BF4B-00C04F79EFBC}") = "ClassLibrary5", "ClassLibrary5\ClassLibrary5.csproj", "{9FEAF073-AA91-41A4-AE65-D19139BA9750}"
EndProject
Global
	GlobalSection(SolutionConfigurationPlatforms) = preSolution
		Debug|Any CPU = Debug|Any CPU
		Release|Any CPU = Release|Any CPU
	EndGlobalSection
	GlobalSection(ProjectConfigurationPlatforms) = postSolution
		{9FEAF073-AA91-41A4-AE65-D19139BA9750}.Debug|Any CPU.ActiveCfg = Debug|Any CPU
		{9FEAF073-AA91-41A4-AE65-D19139BA9750}.Debug|Any CPU.Build.0 = Debug|Any CPU
		{9FEAF073-AA91-41A4-AE65-D19139BA9750}.Release|Any CPU.ActiveCfg = Release|Any CPU
		{9FEAF073-AA91-41A4-AE65-D19139BA9750}.Release|Any CPU.Build.0 = Release|Any CPU
	EndGlobalSection
EndGlobal
